#MicroXplorer Configuration settings - do not modify
BSP_IP_NAME=NUCLEO-WB05KZ
CAD.formats=
CAD.pinconfig=
CAD.provider=
File.Version=6
GPIO.groupedBy=Group By Peripherals
I2C1.IPParameters=Timing
I2C1.Timing=0x00303D5B
KeepUserPlacement=false
MMTAppRegionsCount=0
MMTConfigApplied=false
Mcu.CPN=STM32WB05KZV6TR
Mcu.Family=STM32WB0
Mcu.IP0=CORTEX_M0+
Mcu.IP1=I2C1
Mcu.IP10=RCC
Mcu.IP11=SYS
Mcu.IP12=TIM2
Mcu.IP2=LPUART1
Mcu.IP3=MEMORYMAP
Mcu.IP4=NUCLEO-WB05KZ
Mcu.IP5=NUCLEO-WB05KZ
Mcu.IP6=NVIC
Mcu.IP7=PWR
Mcu.IP8=RADIO
Mcu.IP9=RADIO_TIMER
Mcu.IPNb=14
Mcu.Name=STM32WB05KZVx
Mcu.Package=VFQFPN32
Mcu.Pin0=PB3
Mcu.Pin1=PB0
Mcu.Pin10=OSCIN
Mcu.Pin11=PB15
Mcu.Pin12=PB13
Mcu.Pin13=PB7
Mcu.Pin14=VP_PWR_VS_SECSignals
Mcu.Pin15=VP_RADIO_TIMER_VS_RADIO
Mcu.Pin16=VP_SYS_VS_Systick
Mcu.Pin17=VP_TIM2_VS_ClockSourceINT
Mcu.Pin18=VP_MEMORYMAP_VS_MEMORYMAP
Mcu.Pin19=VP_NUCLEO-WB05KZ_VS_BSP_COMMON
Mcu.Pin2=PA1
Mcu.Pin3=PA0
Mcu.Pin4=PA8
Mcu.Pin5=PA9
Mcu.Pin6=PA10
Mcu.Pin7=PA11
Mcu.Pin8=RF1
Mcu.Pin9=OSCOUT
Mcu.PinsNb=20
Mcu.ThirdPartyNb=0
Mcu.UserConstants=
Mcu.UserName=STM32WB05KZVx
MxCube.Version=6.13.0
MxDb.Version=DB.6.0.130
NUCLEO-WB05KZ.BUTTON=1
NUCLEO-WB05KZ.BUTTON2=1
NUCLEO-WB05KZ.BUTTON3=1
NUCLEO-WB05KZ.Bsp_Common_DEMO=true
NUCLEO-WB05KZ.IPParameters=BUTTON,BUTTON2,LD2,VCP,BUTTON3,LD3,LD1,Bsp_Common_DEMO
NUCLEO-WB05KZ.LD1=true
NUCLEO-WB05KZ.LD2=true
NUCLEO-WB05KZ.LD3=true
NUCLEO-WB05KZ.VCP=true
NVIC.ForceEnableDMAVector=true
NVIC.HardFault_IRQn=true\:0\:0\:false\:false\:true\:false\:false\:false
NVIC.I2C1_IRQn=true\:1\:0\:false\:false\:true\:true\:true\:true
NVIC.LPUART1_IRQn=true\:1\:0\:false\:false\:true\:true\:true\:true
NVIC.NonMaskableInt_IRQn=true\:0\:0\:false\:false\:true\:false\:false\:false
NVIC.PendSV_IRQn=true\:0\:0\:false\:false\:true\:false\:false\:false
NVIC.RADIO_TIMER_CPU_WKUP_IRQn=true\:0\:0\:false\:false\:true\:false\:true\:true
NVIC.RADIO_TIMER_ERROR_IRQn=true\:0\:0\:false\:false\:true\:false\:true\:true
NVIC.RADIO_TXRX_IRQn=true\:0\:0\:false\:false\:true\:false\:true\:true
NVIC.RADIO_TXRX_SEQ_IRQn=true\:0\:0\:false\:false\:true\:false\:true\:true
NVIC.SVCall_IRQn=true\:0\:0\:false\:false\:true\:false\:false\:false
NVIC.SysTick_IRQn=true\:3\:0\:false\:false\:true\:false\:true\:false
NVIC.TIM2_IRQn=true\:1\:0\:false\:false\:true\:true\:true\:true
OSCIN.Mode=HSE-External-Oscillator
OSCIN.Signal=RCC_OSC_IN
OSCOUT.Mode=HSE-External-Oscillator
OSCOUT.Signal=RCC_OSC_OUT
PA0.Mode=I2C
PA0.Signal=I2C1_SCL
PA1.Mode=I2C
PA1.Signal=I2C1_SDA
PA10.Signal=GPIO_Input
PA11.Signal=GPIO_Input
PA8.Signal=GPIO_Input
PA9.Signal=GPIO_Input
PB0.Mode=ANTENNA_ID_0_Activate
PB0.Signal=RADIO_ANTENNA_ID_0
PB13.Signal=GPIO_Input
PB15.Signal=GPIO_Input
PB3.Locked=true
PB3.Mode=Asynchronous
PB3.Signal=LPUART1_TX
PB7.Locked=true
PB7.Mode=Asynchronous
PB7.Signal=LPUART1_RX
PinOutPanel.RotationAngle=0
ProjectManager.AskForMigrate=true
ProjectManager.BackupPrevious=false
ProjectManager.CompilerOptimize=6
ProjectManager.ComputerToolchain=false
ProjectManager.CoupleFile=false
ProjectManager.CustomerFirmwarePackage=
ProjectManager.DefaultFWLocation=true
ProjectManager.DeletePrevious=true
ProjectManager.DeviceId=STM32WB05KZVx
ProjectManager.FirmwarePackage=STM32Cube FW_WB0 V1.1.0
ProjectManager.FreePins=false
ProjectManager.HalAssertFull=false
ProjectManager.HeapSize=0x000
ProjectManager.KeepUserCode=true
ProjectManager.LastFirmware=true
ProjectManager.LibraryCopy=1
ProjectManager.MainLocation=Core/Src
ProjectManager.NoMain=false
ProjectManager.PreviousToolchain=
ProjectManager.ProjectBuild=false
ProjectManager.ProjectFileName=WildlifeSource.ioc
ProjectManager.ProjectName=WildlifeSource
ProjectManager.ProjectStructure=
ProjectManager.RegisterCallBack=
ProjectManager.StackSize=0xC00
ProjectManager.TargetToolchain=STM32CubeIDE
ProjectManager.ToolChainLocation=
ProjectManager.UAScriptAfterPath=
ProjectManager.UAScriptBeforePath=
ProjectManager.UnderRoot=true
ProjectManager.functionlistsort=1-MX_GPIO_Init-GPIO-false-HAL-true,3-MX_LPUART1_UART_Init-LPUART1-false-HAL-true,4-MX_I2C1_Init-I2C1-false-HAL-true,5-SystemClock_Config-RCC-false-HAL-false,0-MX_CORTEX_M0+_Init-CORTEX_M0+-false-HAL-true,0-MX_PWR_Init-PWR-false-HAL-true
RCC.BLEFreq_VALUE=32000000
RCC.CLKI2S3Freq_VALUE=64000000
RCC.CLKSYSFreq_VALUE=64000000
RCC.ClkSMPSFreq_VALUE=4000000
RCC.FamilyName=M
RCC.HSE_VALUE=32000000
RCC.HSI_VALUE=64000000
RCC.IPParameters=BLEFreq_VALUE,CLKI2S3Freq_VALUE,CLKSYSFreq_VALUE,ClkSMPSFreq_VALUE,FamilyName,HSE_VALUE,HSI_VALUE,LPUARTFreq_VALUE,LSCOPinFreq_Value,LSE_Timout,LSE_VALUE,LSI_VALUE,MCO1PinFreq_Value,RC64MPLLSource,SysCLKFreq_VALUE
RCC.LPUARTFreq_VALUE=16000000
RCC.LSCOPinFreq_Value=32000
RCC.LSE_Timout=100
RCC.LSE_VALUE=32768
RCC.LSI_VALUE=32000
RCC.MCO1PinFreq_Value=64000000
RCC.RC64MPLLSource=RCC_LSCOSOURCE_PLL64
RCC.SysCLKFreq_VALUE=64000000
RF1.Mode=RF1_Activate
RF1.Signal=RADIO_RF1
TIM2.IPParameters=Prescaler,Period
TIM2.Period=1000
TIM2.Prescaler=32
VP_MEMORYMAP_VS_MEMORYMAP.Mode=CurAppReg
VP_MEMORYMAP_VS_MEMORYMAP.Signal=MEMORYMAP_VS_MEMORYMAP
VP_NUCLEO-WB05KZ_VS_BSP_COMMON.Mode=COMMON
VP_NUCLEO-WB05KZ_VS_BSP_COMMON.Signal=NUCLEO-WB05KZ_VS_BSP_COMMON
VP_PWR_VS_SECSignals.Mode=Security/Privilege
VP_PWR_VS_SECSignals.Signal=PWR_VS_SECSignals
VP_RADIO_TIMER_VS_RADIO.Mode=RADIO_Activate
VP_RADIO_TIMER_VS_RADIO.Signal=RADIO_TIMER_VS_RADIO
VP_SYS_VS_Systick.Mode=SysTick
VP_SYS_VS_Systick.Signal=SYS_VS_Systick
VP_TIM2_VS_ClockSourceINT.Mode=Internal
VP_TIM2_VS_ClockSourceINT.Signal=TIM2_VS_ClockSourceINT
board=NUCLEO-WB05KZ
boardIOC=true
isbadioc=false
