#MicroXplorer Configuration settings - do not modify
BSP_IP_NAME=NUCLEO-WB05KZ
CAD.formats=
CAD.pinconfig=
CAD.provider=
File.Version=6
GPIO.groupedBy=Group By Peripherals
KeepUserPlacement=false
MMTAppRegionsCount=0
MMTConfigApplied=false
Mcu.CPN=STM32WB05KZV6TR
Mcu.Family=STM32WB0
Mcu.IP0=CORTEX_M0+
Mcu.IP1=MEMORYMAP
Mcu.IP2=NUCLEO-WB05KZ
Mcu.IP3=NVIC
Mcu.IP4=PWR
Mcu.IP5=RCC
Mcu.IP6=SYS
Mcu.IPNb=8
Mcu.Name=STM32WB05KZVx
Mcu.Package=VFQFPN32
Mcu.Pin0=PB3
Mcu.Pin1=PB2
Mcu.Pin10=OSCIN
Mcu.Pin11=PB14
Mcu.Pin12=PB13
Mcu.Pin13=PB12
Mcu.Pin14=PB7
Mcu.Pin15=PB6
Mcu.Pin16=PB5
Mcu.Pin17=PB4
Mcu.Pin18=VP_PWR_VS_SECSignals
Mcu.Pin19=VP_SYS_VS_Systick
Mcu.Pin2=PB1
Mcu.Pin20=VP_MEMORYMAP_VS_MEMORYMAP
Mcu.Pin21=VP_NUCLEO-WB05KZ_VS_BSP_COMMON
Mcu.Pin3=PB0
Mcu.Pin4=PA1
Mcu.Pin5=PA0
Mcu.Pin6=PA8
Mcu.Pin7=PA9
Mcu.Pin8=PA11
Mcu.Pin9=OSCOUT
Mcu.PinsNb=22
Mcu.ThirdPartyNb=0
Mcu.UserConstants=
Mcu.UserName=STM32WB05KZVx
MxCube.Version=6.13.0
MxDb.Version=DB.6.0.130
NUCLEO-WB05KZ.BUTTON=1
NUCLEO-WB05KZ.BUTTON2=1
NUCLEO-WB05KZ.BUTTON3=1
NUCLEO-WB05KZ.Bsp_Common_DEMO=true
NUCLEO-WB05KZ.IPParameters=BUTTON,BUTTON2,LD2,VCP,BUTTON3,LD3,LD1,Bsp_Common_DEMO
NUCLEO-WB05KZ.LD1=true
NUCLEO-WB05KZ.LD2=true
NUCLEO-WB05KZ.LD3=true
NUCLEO-WB05KZ.VCP=true
NVIC.ForceEnableDMAVector=true
NVIC.GPIOA_IRQn=true\:0\:0\:false\:false\:true\:true\:true\:true
NVIC.GPIOB_IRQn=true\:0\:0\:false\:false\:true\:true\:true\:true
NVIC.HardFault_IRQn=true\:0\:0\:false\:false\:true\:false\:false\:false
NVIC.NonMaskableInt_IRQn=true\:0\:0\:false\:false\:true\:false\:false\:false
NVIC.PendSV_IRQn=true\:0\:0\:false\:false\:true\:false\:false\:false
NVIC.SVCall_IRQn=true\:0\:0\:false\:false\:true\:false\:false\:false
NVIC.SysTick_IRQn=true\:3\:0\:false\:false\:true\:false\:true\:false
OSCIN.GPIOParameters=GPIO_Label
OSCIN.GPIO_Label=OSC_IN
OSCIN.Locked=true
OSCIN.Signal=RCC_OSC_IN
OSCOUT.GPIOParameters=GPIO_Label
OSCOUT.GPIO_Label=OSC_OUT
OSCOUT.Locked=true
OSCOUT.Signal=RCC_OSC_OUT
PA0.Locked=true
PA0.Signal=GPXTI0
PA1.Locked=true
PA1.Signal=USART1_TX
PA11.GPIOParameters=GPIO_Speed,GPIO_Label
PA11.GPIO_Label=SPI3_MOSI
PA11.GPIO_Speed=GPIO_SPEED_FREQ_VERY_HIGH
PA11.Locked=true
PA11.Signal=SPI3_MOSI
PA8.GPIOParameters=GPIO_Speed,GPIO_Label
PA8.GPIO_Label=SPI3_MISO
PA8.GPIO_Speed=GPIO_SPEED_FREQ_VERY_HIGH
PA8.Locked=true
PA8.Signal=SPI3_MISO
PA9.GPIOParameters=GPIO_Speed,GPIO_Label
PA9.GPIO_Label=SPI3_NSS
PA9.GPIO_Speed=GPIO_SPEED_FREQ_VERY_HIGH
PA9.Locked=true
PA9.Signal=SPI3_NSS
PB0.Locked=true
PB0.Signal=USART1_RX
PB1.Locked=true
PB1.Signal=GPIO_Output
PB12.GPIOParameters=GPIO_Label
PB12.GPIO_Label=OSC32_OUT
PB12.Locked=true
PB12.Signal=RCC_OSC32_OUT
PB13.GPIOParameters=GPIO_Label
PB13.GPIO_Label=OSC32_IN
PB13.Locked=true
PB13.Signal=RCC_OSC32_IN
PB14.Locked=true
PB14.Signal=GPXTI14
PB2.Locked=true
PB2.Signal=GPIO_Output
PB3.GPIOParameters=GPIO_Speed,GPIO_Label
PB3.GPIO_Label=SPI3_SCK
PB3.GPIO_Speed=GPIO_SPEED_FREQ_VERY_HIGH
PB3.Locked=true
PB3.Signal=SPI3_SCK
PB4.Locked=true
PB4.Signal=GPIO_Output
PB5.Locked=true
PB5.Signal=GPXTI5
PB6.GPIOParameters=GPIO_Speed,GPIO_Label
PB6.GPIO_Label=I2C1_SCL
PB6.GPIO_Speed=GPIO_SPEED_FREQ_VERY_HIGH
PB6.Locked=true
PB6.Signal=I2C1_SCL
PB7.GPIOParameters=GPIO_Speed,GPIO_Label
PB7.GPIO_Label=I2C1_SDA
PB7.GPIO_Speed=GPIO_SPEED_FREQ_VERY_HIGH
PB7.Locked=true
PB7.Signal=I2C1_SDA
PinOutPanel.RotationAngle=0
ProjectManager.AskForMigrate=true
ProjectManager.BackupPrevious=false
ProjectManager.CompilerOptimize=6
ProjectManager.ComputerToolchain=false
ProjectManager.CoupleFile=false
ProjectManager.CustomerFirmwarePackage=
ProjectManager.DefaultFWLocation=true
ProjectManager.DeletePrevious=true
ProjectManager.DeviceId=STM32WB05KZVx
ProjectManager.FirmwarePackage=STM32Cube FW_WB0 V1.1.0
ProjectManager.FreePins=false
ProjectManager.HalAssertFull=false
ProjectManager.HeapSize=0x000
ProjectManager.KeepUserCode=true
ProjectManager.LastFirmware=true
ProjectManager.LibraryCopy=1
ProjectManager.MainLocation=Core/Src
ProjectManager.NoMain=false
ProjectManager.PreviousToolchain=
ProjectManager.ProjectBuild=false
ProjectManager.ProjectFileName=WildlifeSource.ioc
ProjectManager.ProjectName=WildlifeSource
ProjectManager.ProjectStructure=
ProjectManager.RegisterCallBack=
ProjectManager.StackSize=0xC00
ProjectManager.TargetToolchain=STM32CubeIDE
ProjectManager.ToolChainLocation=
ProjectManager.UAScriptAfterPath=
ProjectManager.UAScriptBeforePath=
ProjectManager.UnderRoot=true
ProjectManager.functionlistsort=1-SystemClock_Config-RCC-false-HAL-false,2-MX_GPIO_Init-GPIO-false-HAL-true,0-MX_CORTEX_M0+_Init-CORTEX_M0+-false-HAL-true,false-0--NUCLEO-WB05KZ-true-HAL-true
RCC.BLEFreq_VALUE=32000000
RCC.CLKI2S3Freq_VALUE=64000000
RCC.CLKSYSFreq_VALUE=64000000
RCC.ClkSMPSFreq_VALUE=4000000
RCC.FamilyName=M
RCC.HSE_VALUE=32000000
RCC.HSI_VALUE=64000000
RCC.IPParameters=BLEFreq_VALUE,CLKI2S3Freq_VALUE,CLKSYSFreq_VALUE,ClkSMPSFreq_VALUE,FamilyName,HSE_VALUE,HSI_VALUE,LPUARTFreq_VALUE,LSCOPinFreq_Value,LSE_Timout,LSE_VALUE,LSI_VALUE,MCO1PinFreq_Value,SysCLKFreq_VALUE
RCC.LPUARTFreq_VALUE=16000000
RCC.LSCOPinFreq_Value=32000
RCC.LSE_Timout=100
RCC.LSE_VALUE=32768
RCC.LSI_VALUE=32000
RCC.MCO1PinFreq_Value=64000000
RCC.SysCLKFreq_VALUE=64000000
SH.GPXTI0.0=GPIO_EXTI0
SH.GPXTI0.ConfNb=1
SH.GPXTI14.0=GPIO_EXTI14
SH.GPXTI14.ConfNb=1
SH.GPXTI5.0=GPIO_EXTI5
SH.GPXTI5.ConfNb=1
VP_MEMORYMAP_VS_MEMORYMAP.Mode=CurAppReg
VP_MEMORYMAP_VS_MEMORYMAP.Signal=MEMORYMAP_VS_MEMORYMAP
VP_NUCLEO-WB05KZ_VS_BSP_COMMON.Mode=COMMON
VP_NUCLEO-WB05KZ_VS_BSP_COMMON.Signal=NUCLEO-WB05KZ_VS_BSP_COMMON
VP_PWR_VS_SECSignals.Mode=Security/Privilege
VP_PWR_VS_SECSignals.Signal=PWR_VS_SECSignals
VP_SYS_VS_Systick.Mode=SysTick
VP_SYS_VS_Systick.Signal=SYS_VS_Systick
board=NUCLEO-WB05KZ
boardIOC=true
isbadioc=false
