#MicroXplorer Configuration settings - do not modify
BSP_IP_NAME=NUCLEO-WB05KZ
CAD.formats=
CAD.pinconfig=
CAD.provider=
File.Version=6
GPIO.groupedBy=Group By Peripherals
I2C1.IPParameters=Timing
I2C1.Timing=0x00303D5B
KeepUserPlacement=false
MMTAppRegionsCount=0
MMTConfigApplied=false
Mcu.CPN=STM32WB05KZV6TR
Mcu.Family=STM32WB0
Mcu.IP0=ADV_TRACE
Mcu.IP1=COMMON_BLE
Mcu.IP10=PWR
Mcu.IP11=RADIO
Mcu.IP12=RADIO_TIMER
Mcu.IP13=RCC
Mcu.IP14=RNG
Mcu.IP15=SEQUENCER
Mcu.IP16=STM32_BLE
Mcu.IP17=SYS
Mcu.IP18=TIM2
Mcu.IP19=TINY_LPM
Mcu.IP2=CORTEX_M0+
Mcu.IP3=I2C1
Mcu.IP4=LPUART1
Mcu.IP5=MEMORYMAP
Mcu.IP6=MISC
Mcu.IP7=NUCLEO-WB05KZ
Mcu.IP8=NVIC
Mcu.IP9=PKA
Mcu.IPNb=21
Mcu.Name=STM32WB05KZVx
Mcu.Package=VFQFPN32
Mcu.Pin0=PB3
Mcu.Pin1=PB2
Mcu.Pin10=OSCOUT
Mcu.Pin11=OSCIN
Mcu.Pin12=PB15
Mcu.Pin13=PB14
Mcu.Pin14=PB13
Mcu.Pin15=PB7
Mcu.Pin16=PB6
Mcu.Pin17=PB5
Mcu.Pin18=PB4
Mcu.Pin19=VP_ADV_TRACE_VS_ADV_TRACE
Mcu.Pin2=PB1
Mcu.Pin20=VP_COMMON_BLE_VS_Utility_Common_BLE_1.0.0_1.0.0
Mcu.Pin21=VP_MISC_VS_MISC
Mcu.Pin22=VP_PKA_VS_PKA
Mcu.Pin23=VP_PWR_VS_SECSignals
Mcu.Pin24=VP_RADIO_TIMER_VS_RADIO
Mcu.Pin25=VP_RNG_VS_RNG
Mcu.Pin26=VP_SEQUENCER_VS_SEQUENCER
Mcu.Pin27=VP_STM32_BLE_VS_BLE_HOST_SP
Mcu.Pin28=VP_SYS_VS_Systick
Mcu.Pin29=VP_TIM2_VS_ClockSourceINT
Mcu.Pin3=PA3
Mcu.Pin30=VP_TINY_LPM_VS_TINY_LPM
Mcu.Pin31=VP_MEMORYMAP_VS_MEMORYMAP
Mcu.Pin32=VP_NUCLEO-WB05KZ_VS_BSP_COMMON
Mcu.Pin4=PA2
Mcu.Pin5=PA1
Mcu.Pin6=PA0
Mcu.Pin7=PA10
Mcu.Pin8=PA11
Mcu.Pin9=RF1
Mcu.PinsNb=33
Mcu.ThirdParty0=STMicroelectronics.X-CUBE-WB05N.1.1.0
Mcu.ThirdPartyNb=1
Mcu.UserConstants=
Mcu.UserName=STM32WB05KZVx
MxCube.Version=6.14.1
MxDb.Version=DB.6.0.141
NUCLEO-WB05KZ.BUTTON=1
NUCLEO-WB05KZ.BUTTON2=1
NUCLEO-WB05KZ.BUTTON3=1
NUCLEO-WB05KZ.Bsp_Common_DEMO=true
NUCLEO-WB05KZ.IPParameters=BUTTON,BUTTON2,LD2,VCP,BUTTON3,LD3,LD1,Bsp_Common_DEMO
NUCLEO-WB05KZ.LD1=true
NUCLEO-WB05KZ.LD2=true
NUCLEO-WB05KZ.LD3=true
NUCLEO-WB05KZ.VCP=false
NVIC.ForceEnableDMAVector=true
NVIC.GPIOA_IRQn=true\:1\:0\:false\:false\:true\:false\:true\:true
NVIC.GPIOB_IRQn=true\:1\:0\:false\:false\:true\:false\:true\:true
NVIC.HardFault_IRQn=true\:0\:0\:false\:false\:true\:false\:false\:false
NVIC.LPUART1_IRQn=true\:1\:0\:false\:false\:true\:true\:true\:true
NVIC.NonMaskableInt_IRQn=true\:0\:0\:false\:false\:true\:false\:false\:false
NVIC.PendSV_IRQn=true\:0\:0\:false\:false\:true\:false\:false\:false
NVIC.RADIO_TIMER_CPU_WKUP_IRQn=true\:0\:0\:false\:false\:true\:false\:true\:true
NVIC.RADIO_TIMER_ERROR_IRQn=true\:0\:0\:false\:false\:true\:false\:true\:true
NVIC.RADIO_TXRX_IRQn=true\:0\:0\:false\:false\:true\:false\:true\:true
NVIC.RADIO_TXRX_SEQ_IRQn=true\:0\:0\:false\:false\:true\:false\:true\:true
NVIC.SVCall_IRQn=true\:0\:0\:false\:false\:true\:false\:false\:false
NVIC.SysTick_IRQn=true\:3\:0\:false\:false\:true\:false\:true\:false
NVIC.TIM2_IRQn=true\:1\:0\:false\:false\:true\:true\:true\:true
OSCIN.Mode=HSE-External-Oscillator
OSCIN.Signal=RCC_OSC_IN
OSCOUT.Mode=HSE-External-Oscillator
OSCOUT.Signal=RCC_OSC_OUT
PA0.Locked=true
PA0.Mode=I2C
PA0.Signal=I2C1_SCL
PA1.Mode=I2C
PA1.Signal=I2C1_SDA
PA10.Signal=GPIO_Input
PA11.Signal=GPIO_Input
PA2.Signal=GPIO_Input
PA3.Signal=GPIO_Input
PB1.Locked=true
PB13.Signal=GPIO_Input
PB14.Locked=true
PB15.Signal=GPIO_Input
PB2.Locked=true
PB3.Locked=true
PB3.Mode=Asynchronous
PB3.Signal=LPUART1_TX
PB4.Locked=true
PB5.Locked=true
PB6.Mode=I2C
PB6.Signal=I2C1_SCL
PB7.Locked=true
PB7.Mode=Asynchronous
PB7.Signal=LPUART1_RX
PinOutPanel.RotationAngle=0
ProjectManager.AskForMigrate=true
ProjectManager.BackupPrevious=false
ProjectManager.CompilerLinker=GCC
ProjectManager.CompilerOptimize=6
ProjectManager.ComputerToolchain=false
ProjectManager.CoupleFile=false
ProjectManager.CustomerFirmwarePackage=
ProjectManager.DefaultFWLocation=true
ProjectManager.DeletePrevious=true
ProjectManager.DeviceId=STM32WB05KZVx
ProjectManager.FirmwarePackage=STM32Cube FW_WB0 V1.2.0
ProjectManager.FreePins=false
ProjectManager.HalAssertFull=false
ProjectManager.HeapSize=0x000
ProjectManager.KeepUserCode=true
ProjectManager.LastFirmware=true
ProjectManager.LibraryCopy=1
ProjectManager.MainLocation=Core/Src
ProjectManager.NoMain=false
ProjectManager.PreviousToolchain=
ProjectManager.ProjectBuild=false
ProjectManager.ProjectFileName=WildlifeSource.ioc
ProjectManager.ProjectName=WildlifeSource
ProjectManager.ProjectStructure=
ProjectManager.RegisterCallBack=UART
ProjectManager.StackSize=0xC00
ProjectManager.TargetToolchain=STM32CubeIDE
ProjectManager.ToolChainLocation=
ProjectManager.UAScriptAfterPath=
ProjectManager.UAScriptBeforePath=
ProjectManager.UnderRoot=true
ProjectManager.functionlistsort=1-MX_GPIO_Init-GPIO-false-HAL-true,2-MX_LPUART1_UART_Init-LPUART1-false-HAL-true,3-SystemClock_Config-RCC-false-HAL-false,4-MX_RADIO_Init-RADIO-false-HAL-true,5-MX_RADIO_TIMER_Init-RADIO_TIMER-false-HAL-true,6-MX_TIM2_Init-TIM2-false-HAL-true,7-MX_RNG_Init-RNG-false-HAL-true,8-APPE_Init-STM32_BLE-false-HAL-false,9-MX_PKA_Init-PKA-false-HAL-true,0-MX_CORTEX_M0+_Init-CORTEX_M0+-false-HAL-true,0-MX_PWR_Init-PWR-false-HAL-true,false-0--NUCLEO-WB05KZ-true-HAL-true
RCC.BLEFreq_VALUE=16000000
RCC.BLEMultSource=RCC_RF_CLK_16M
RCC.CLKI2S3Freq_VALUE=64000000
RCC.CLKSYSFreq_VALUE=32000000
RCC.ClkSMPSFreq_VALUE=4000000
RCC.FamilyName=M
RCC.HSE_VALUE=32000000
RCC.HSI_VALUE=64000000
RCC.IPParameters=BLEFreq_VALUE,BLEMultSource,CLKI2S3Freq_VALUE,CLKSYSFreq_VALUE,ClkSMPSFreq_VALUE,FamilyName,HSE_VALUE,HSI_VALUE,LPUARTFreq_VALUE,LSCOPinFreq_Value,LSE_Timout,LSE_VALUE,LSI_VALUE,MCO1PinFreq_Value,RC64MPLLSource,SYSCLK64Divider,SysCLKFreq_VALUE
RCC.LPUARTFreq_VALUE=16000000
RCC.LSCOPinFreq_Value=32000
RCC.LSE_Timout=100
RCC.LSE_VALUE=32768
RCC.LSI_VALUE=32000
RCC.MCO1PinFreq_Value=32000000
RCC.RC64MPLLSource=RCC_LSCOSOURCE_PLL64
RCC.SYSCLK64Divider=RCC_RC64MPLL_DIV2
RCC.SysCLKFreq_VALUE=64000000
RF1.Mode=RF1_Activate
RF1.Signal=RADIO_RF1
STM32_BLE.CFG_BLE_CONTROLLER_2M_CODED_PHY_ENABLED=1
STM32_BLE.CFG_BONDING_MODE=1
STM32_BLE.CFG_GAP_APPEARANCE=GAP_APPEARANCE_GENERIC_MEDIA_PLAYER
STM32_BLE.CFG_GAP_DEVICE_NAME=Wildlife Playback Speaker
STM32_BLE.CFG_GAP_DEVICE_NAME_LENGTH=25
STM32_BLE.CFG_SCAN_INT_MS=500.0
STM32_BLE.CFG_SCAN_WIN_MS=500.0
STM32_BLE.CFG_TX_POWER=(0x1F) /* 0x1F <\=> 6 dBm */
STM32_BLE.CFG_TX_POWER_MODE=(0) /* Tx normal power mode */
STM32_BLE.INCLUDE_AD_TYPE_128_BIT_SERV_UUID_CMPLT_LIST=0
STM32_BLE.IPParameters=CFG_GAP_APPEARANCE,CFG_GAP_DEVICE_NAME,CFG_GAP_DEVICE_NAME_LENGTH,CFG_TX_POWER,CFG_TX_POWER_MODE,CFG_SCAN_INT_MS,CFG_SCAN_WIN_MS,CFG_BLE_CONTROLLER_2M_CODED_PHY_ENABLED,NUMBER_OF_SERVICES,SERVICE1_LONG_NAME,SERVICE1_SHORT_NAME,SERVICE1_NUMBER_OF_CHARACTERISTICS,SERVICE1_UUID_TYPE,SERVICE1_CHAR1_PROP_READ,SERVICE1_CHAR1_PROP_WRITE_NO_RESP,SERVICE1_CHAR1_LONG_NAME,SERVICE1_CHAR1_SHORT_NAME,SERVICE1_CHAR1_UUID_TYPE,SERVICE1_CHAR1_UUID,SERVICE1_CHAR2_UUID_TYPE,SERVICE1_CHAR2_UUID,SERVICE1_CHAR2_LONG_NAME,SERVICE1_CHAR2_SHORT_NAME,SERVICE1_CHAR2_PROP_WRITE_NO_RESP,SERVICE1_UUID_128_INPUT_TYPE,SERVICE1_UUID,SERVICE1_CHAR2_UUID_128_INPUT_TYPE,SERVICE1_CHAR1_UUID_128_INPUT_TYPE,INCLUDE_AD_TYPE_128_BIT_SERV_UUID_CMPLT_LIST,CFG_BONDING_MODE,SERVICE1_CHAR3_UUID_128_INPUT_TYPE,SERVICE1_CHAR3_UUID,SERVICE1_CHAR3_LONG_NAME,SERVICE1_CHAR3_SHORT_NAME,SERVICE1_CHAR3_PROP_READ,SERVICE1_CHAR3_PROP_WRITE
STM32_BLE.NUMBER_OF_SERVICES=1
STM32_BLE.SERVICE1_CHAR1_LONG_NAME=VIRTUAL_USART_TX
STM32_BLE.SERVICE1_CHAR1_PROP_READ=BLE_GATT_SRV_CHAR_PROP_READ
STM32_BLE.SERVICE1_CHAR1_PROP_WRITE_NO_RESP=\ 
STM32_BLE.SERVICE1_CHAR1_SHORT_NAME=TX
STM32_BLE.SERVICE1_CHAR1_UUID=D2 DE 8B D1 2B 7A 11 F0 90 A7 08 00 02 00 9A 66
STM32_BLE.SERVICE1_CHAR1_UUID_128_INPUT_TYPE=1
STM32_BLE.SERVICE1_CHAR1_UUID_TYPE=0x02
STM32_BLE.SERVICE1_CHAR2_LONG_NAME=VIRTUAL_USART_RX
STM32_BLE.SERVICE1_CHAR2_PROP_WRITE_NO_RESP=BLE_GATT_SRV_CHAR_PROP_WRITE_NO_RESP
STM32_BLE.SERVICE1_CHAR2_SHORT_NAME=RX
STM32_BLE.SERVICE1_CHAR2_UUID=D2 DE 8B D2 2B 7A 11 F0 90 A7 08 00 02 00 9A 66
STM32_BLE.SERVICE1_CHAR2_UUID_128_INPUT_TYPE=1
STM32_BLE.SERVICE1_CHAR2_UUID_TYPE=0x02
STM32_BLE.SERVICE1_CHAR3_LONG_NAME=VIRTUAL_USART_REQ_TX
STM32_BLE.SERVICE1_CHAR3_PROP_READ=BLE_GATT_SRV_CHAR_PROP_READ
STM32_BLE.SERVICE1_CHAR3_PROP_WRITE=BLE_GATT_SRV_CHAR_PROP_WRITE
STM32_BLE.SERVICE1_CHAR3_SHORT_NAME=REQ_TX
STM32_BLE.SERVICE1_CHAR3_UUID=D2 DE 8B D2 2B 7A 11 F0 90 A7 08 00 02 00 9A 66
STM32_BLE.SERVICE1_CHAR3_UUID_128_INPUT_TYPE=1
STM32_BLE.SERVICE1_LONG_NAME=VIRTUAL_USART
STM32_BLE.SERVICE1_NUMBER_OF_CHARACTERISTICS=3
STM32_BLE.SERVICE1_SHORT_NAME=USART
STM32_BLE.SERVICE1_UUID=D2 DE 8B D0 2B 7A 11 F0 90 A7 08 00 02 00 9A 66
STM32_BLE.SERVICE1_UUID_128_INPUT_TYPE=1
STM32_BLE.SERVICE1_UUID_TYPE=0x02
STMicroelectronics.X-CUBE-WB05N.1.1.0.BLEIiManagerJjSTM32WB05NIiBLEIiManager_Checked=false
STMicroelectronics.X-CUBE-WB05N.1.1.0_SwParameter=STM32WB05NIiBLEIiManagerCcBLEIiManagerJjBLEIiManager\:true;
TIM2.IPParameters=Prescaler,Period
TIM2.Period=1000
TIM2.Prescaler=32
VP_ADV_TRACE_VS_ADV_TRACE.Mode=ADV_TRACE_Enabled
VP_ADV_TRACE_VS_ADV_TRACE.Signal=ADV_TRACE_VS_ADV_TRACE
VP_COMMON_BLE_VS_Utility_Common_BLE_1.0.0_1.0.0.Mode=Utility_Common
VP_COMMON_BLE_VS_Utility_Common_BLE_1.0.0_1.0.0.Signal=COMMON_BLE_VS_Utility_Common_BLE_1.0.0_1.0.0
VP_MEMORYMAP_VS_MEMORYMAP.Mode=CurAppReg
VP_MEMORYMAP_VS_MEMORYMAP.Signal=MEMORYMAP_VS_MEMORYMAP
VP_MISC_VS_MISC.Mode=MISC_Enabled
VP_MISC_VS_MISC.Signal=MISC_VS_MISC
VP_NUCLEO-WB05KZ_VS_BSP_COMMON.Mode=COMMON
VP_NUCLEO-WB05KZ_VS_BSP_COMMON.Signal=NUCLEO-WB05KZ_VS_BSP_COMMON
VP_PKA_VS_PKA.Mode=PKA_Activate
VP_PKA_VS_PKA.Signal=PKA_VS_PKA
VP_PWR_VS_SECSignals.Mode=Security/Privilege
VP_PWR_VS_SECSignals.Signal=PWR_VS_SECSignals
VP_RADIO_TIMER_VS_RADIO.Mode=RADIO_Activate
VP_RADIO_TIMER_VS_RADIO.Signal=RADIO_TIMER_VS_RADIO
VP_RNG_VS_RNG.Mode=RNG_Activate
VP_RNG_VS_RNG.Signal=RNG_VS_RNG
VP_SEQUENCER_VS_SEQUENCER.Mode=SEQUENCER_Enabled
VP_SEQUENCER_VS_SEQUENCER.Signal=SEQUENCER_VS_SEQUENCER
VP_STM32_BLE_VS_BLE_HOST_SP.Mode=BLE_Server
VP_STM32_BLE_VS_BLE_HOST_SP.Signal=STM32_BLE_VS_BLE_HOST_SP
VP_SYS_VS_Systick.Mode=SysTick
VP_SYS_VS_Systick.Signal=SYS_VS_Systick
VP_TIM2_VS_ClockSourceINT.Mode=Internal
VP_TIM2_VS_ClockSourceINT.Signal=TIM2_VS_ClockSourceINT
VP_TINY_LPM_VS_TINY_LPM.Mode=TINY_LPM_Enabled
VP_TINY_LPM_VS_TINY_LPM.Signal=TINY_LPM_VS_TINY_LPM
board=NUCLEO-WB05KZ
boardIOC=true
isbadioc=false
